
Microsoft Visual Studio Solution File, Format Version 12.00
# Visual Studio Version 17
VisualStudioVersion = 17.2.32630.192
MinimumVisualStudioVersion = 10.0.40219.1
Project("{9A19103F-16F7-4668-BE54-9A1E7A4F7556}") = "myDotNetTestApi", "myDotNetTestApi\myDotNetTestApi.csproj", "{565D2285-4BBF-4102-8669-48E3C3D11DA8}"
EndProject
Project("{E53339B2-1760-4266-BCC7-CA923CBCF16C}") = "docker-compose", "docker-compose.dcproj", "{D72DB1EA-16C3-46B5-87F5-E715FF11BB1A}"
EndProject
Global
	GlobalSection(SolutionConfigurationPlatforms) = preSolution
		Debug|Any CPU = Debug|Any CPU
		Release|Any CPU = Release|Any CPU
	EndGlobalSection
	GlobalSection(ProjectConfigurationPlatforms) = postSolution
		{565D2285-4BBF-4102-8669-48E3C3D11DA8}.Debug|Any CPU.ActiveCfg = Debug|Any CPU
		{565D2285-4BBF-4102-8669-48E3C3D11DA8}.Debug|Any CPU.Build.0 = Debug|Any CPU
		{565D2285-4BBF-4102-8669-48E3C3D11DA8}.Release|Any CPU.ActiveCfg = Release|Any CPU
		{565D2285-4BBF-4102-8669-48E3C3D11DA8}.Release|Any CPU.Build.0 = Release|Any CPU
		{D72DB1EA-16C3-46B5-87F5-E715FF11BB1A}.Debug|Any CPU.ActiveCfg = Debug|Any CPU
		{D72DB1EA-16C3-46B5-87F5-E715FF11BB1A}.Debug|Any CPU.Build.0 = Debug|Any CPU
		{D72DB1EA-16C3-46B5-87F5-E715FF11BB1A}.Release|Any CPU.ActiveCfg = Release|Any CPU
		{D72DB1EA-16C3-46B5-87F5-E715FF11BB1A}.Release|Any CPU.Build.0 = Release|Any CPU
	EndGlobalSection
	GlobalSection(SolutionProperties) = preSolution
		HideSolutionNode = FALSE
	EndGlobalSection
	GlobalSection(ExtensibilityGlobals) = postSolution
		SolutionGuid = {0885DFF5-EFE6-4D8C-A0D4-228FBD9AD1AA}
	EndGlobalSection
EndGlobal
